%{
  "earmark": {:hex, :earmark, "1.2.4", "99b637c62a4d65a20a9fb674b8cffb8baa771c04605a80c911c4418c69b75439", [:mix], []},
  "ex_doc": {:hex, :ex_doc, "0.18.1", "37c69d2ef62f24928c1f4fdc7c724ea04aecfdf500c4329185f8e3649c915baf", [:mix], [{:earmark, "~> 1.1", [hex: :earmark, optional: false]}]},
  "moonsugar": {:hex, :moonsugar, "0.1.0", "16d064cd085c1d36fd92eb0e52c4e0ad91741c9113bdd0a67d88c3fedb00ced5", [], [], "hexpm"},
}
